
Microsoft Visual Studio Solution File, Format Version 12.00
# Visual Studio Version 17
VisualStudioVersion = 17.5.33516.290
MinimumVisualStudioVersion = 10.0.40219.1
Project("{9A19103F-16F7-4668-BE54-9A1E7A4F7556}") = "TestSomeThing", "TestSomeThing\TestSomeThing.csproj", "{DAA0A3C5-35EE-4606-B907-D2F23861E175}"
EndProject
Project("{9A19103F-16F7-4668-BE54-9A1E7A4F7556}") = "TestSSHClient", "TestSSHClient\TestSSHClient.csproj", "{4BC68AE9-0202-401E-9578-34F3FC56D48A}"
EndProject
Project("{9A19103F-16F7-4668-BE54-9A1E7A4F7556}") = "DataAnalysis", "DataAnalysis\DataAnalysis.csproj", "{62375212-607B-464D-948C-726DBE583695}"
EndProject
Project("{9A19103F-16F7-4668-BE54-9A1E7A4F7556}") = "GcodeAnalyze", "GcodeAnalyze\GcodeAnalyze.csproj", "{98ECCB40-B9A8-44E4-9AC8-B2A071BCF8DE}"
EndProject
Project("{9A19103F-16F7-4668-BE54-9A1E7A4F7556}") = "DigitalRoot", "DigitalRoot\DigitalRoot.csproj", "{AD847983-EC15-4482-9D56-BCA668C95B63}"
EndProject
Project("{9A19103F-16F7-4668-BE54-9A1E7A4F7556}") = "FindNfhtLargest", "FindNftLargest\FindNfhtLargest.csproj", "{B33505CC-4BA7-48E5-B66B-6705FD147767}"
EndProject
Project("{9A19103F-16F7-4668-BE54-9A1E7A4F7556}") = "AutoMapperDemo", "AutoMapperDemo\AutoMapperDemo.csproj", "{CC697A3A-F12F-4C24-A1AF-21F5769AC386}"
EndProject
Project("{9A19103F-16F7-4668-BE54-9A1E7A4F7556}") = "Thread", "Thread\Thread.csproj", "{72B56D1A-86C6-4F2A-8575-CCB683CB9963}"
EndProject
Project("{9A19103F-16F7-4668-BE54-9A1E7A4F7556}") = "CompareContains", "CompareContains\CompareContains.csproj", "{E429158F-E806-4FF7-B8B5-3F10D0CC8451}"
EndProject
Project("{9A19103F-16F7-4668-BE54-9A1E7A4F7556}") = "PostAndPreIncrement", "PostAndPreIncrement\PostAndPreIncrement.csproj", "{86CDE67D-FB7A-4351-A0E0-4A5AC9558490}"
EndProject
Project("{9A19103F-16F7-4668-BE54-9A1E7A4F7556}") = "Goto", "Goto\Goto.csproj", "{32E6B1C4-6377-4F39-A2D6-8F3909156F51}"
EndProject
Project("{9A19103F-16F7-4668-BE54-9A1E7A4F7556}") = "Benchmarks", "Benchmark\Benchmarks.csproj", "{3AFFB5A7-5717-45C6-9CBB-F324387882FC}"
EndProject
Project("{9A19103F-16F7-4668-BE54-9A1E7A4F7556}") = "SymmetryArray", "SymmetryArray\SymmetryArray.csproj", "{CEB9A3EB-ABC5-42E7-A88B-37BDAD3CBD54}"
EndProject
Project("{9A19103F-16F7-4668-BE54-9A1E7A4F7556}") = "FindMissingNumber", "FindMissingNumber\FindMissingNumber.csproj", "{43111E50-09F4-4110-B2F0-47A02CF0513C}"
EndProject
Project("{9A19103F-16F7-4668-BE54-9A1E7A4F7556}") = "Delegate", "Delegate\Delegate.csproj", "{0BB4CF66-1D17-4E32-8F1E-5CF13A4FF3BC}"
EndProject
Global
	GlobalSection(SolutionConfigurationPlatforms) = preSolution
		Debug|Any CPU = Debug|Any CPU
		Release|Any CPU = Release|Any CPU
	EndGlobalSection
	GlobalSection(ProjectConfigurationPlatforms) = postSolution
		{DAA0A3C5-35EE-4606-B907-D2F23861E175}.Debug|Any CPU.ActiveCfg = Debug|Any CPU
		{DAA0A3C5-35EE-4606-B907-D2F23861E175}.Debug|Any CPU.Build.0 = Debug|Any CPU
		{DAA0A3C5-35EE-4606-B907-D2F23861E175}.Release|Any CPU.ActiveCfg = Release|Any CPU
		{DAA0A3C5-35EE-4606-B907-D2F23861E175}.Release|Any CPU.Build.0 = Release|Any CPU
		{4BC68AE9-0202-401E-9578-34F3FC56D48A}.Debug|Any CPU.ActiveCfg = Debug|Any CPU
		{4BC68AE9-0202-401E-9578-34F3FC56D48A}.Debug|Any CPU.Build.0 = Debug|Any CPU
		{4BC68AE9-0202-401E-9578-34F3FC56D48A}.Release|Any CPU.ActiveCfg = Release|Any CPU
		{4BC68AE9-0202-401E-9578-34F3FC56D48A}.Release|Any CPU.Build.0 = Release|Any CPU
		{62375212-607B-464D-948C-726DBE583695}.Debug|Any CPU.ActiveCfg = Debug|Any CPU
		{62375212-607B-464D-948C-726DBE583695}.Debug|Any CPU.Build.0 = Debug|Any CPU
		{62375212-607B-464D-948C-726DBE583695}.Release|Any CPU.ActiveCfg = Release|Any CPU
		{62375212-607B-464D-948C-726DBE583695}.Release|Any CPU.Build.0 = Release|Any CPU
		{98ECCB40-B9A8-44E4-9AC8-B2A071BCF8DE}.Debug|Any CPU.ActiveCfg = Debug|Any CPU
		{98ECCB40-B9A8-44E4-9AC8-B2A071BCF8DE}.Debug|Any CPU.Build.0 = Debug|Any CPU
		{98ECCB40-B9A8-44E4-9AC8-B2A071BCF8DE}.Release|Any CPU.ActiveCfg = Release|Any CPU
		{98ECCB40-B9A8-44E4-9AC8-B2A071BCF8DE}.Release|Any CPU.Build.0 = Release|Any CPU
		{AD847983-EC15-4482-9D56-BCA668C95B63}.Debug|Any CPU.ActiveCfg = Debug|Any CPU
		{AD847983-EC15-4482-9D56-BCA668C95B63}.Debug|Any CPU.Build.0 = Debug|Any CPU
		{AD847983-EC15-4482-9D56-BCA668C95B63}.Release|Any CPU.ActiveCfg = Release|Any CPU
		{AD847983-EC15-4482-9D56-BCA668C95B63}.Release|Any CPU.Build.0 = Release|Any CPU
		{B33505CC-4BA7-48E5-B66B-6705FD147767}.Debug|Any CPU.ActiveCfg = Debug|Any CPU
		{B33505CC-4BA7-48E5-B66B-6705FD147767}.Debug|Any CPU.Build.0 = Debug|Any CPU
		{B33505CC-4BA7-48E5-B66B-6705FD147767}.Release|Any CPU.ActiveCfg = Release|Any CPU
		{B33505CC-4BA7-48E5-B66B-6705FD147767}.Release|Any CPU.Build.0 = Release|Any CPU
		{CC697A3A-F12F-4C24-A1AF-21F5769AC386}.Debug|Any CPU.ActiveCfg = Debug|Any CPU
		{CC697A3A-F12F-4C24-A1AF-21F5769AC386}.Debug|Any CPU.Build.0 = Debug|Any CPU
		{CC697A3A-F12F-4C24-A1AF-21F5769AC386}.Release|Any CPU.ActiveCfg = Release|Any CPU
		{CC697A3A-F12F-4C24-A1AF-21F5769AC386}.Release|Any CPU.Build.0 = Release|Any CPU
		{72B56D1A-86C6-4F2A-8575-CCB683CB9963}.Debug|Any CPU.ActiveCfg = Debug|Any CPU
		{72B56D1A-86C6-4F2A-8575-CCB683CB9963}.Debug|Any CPU.Build.0 = Debug|Any CPU
		{72B56D1A-86C6-4F2A-8575-CCB683CB9963}.Release|Any CPU.ActiveCfg = Release|Any CPU
		{72B56D1A-86C6-4F2A-8575-CCB683CB9963}.Release|Any CPU.Build.0 = Release|Any CPU
		{E429158F-E806-4FF7-B8B5-3F10D0CC8451}.Debug|Any CPU.ActiveCfg = Debug|Any CPU
		{E429158F-E806-4FF7-B8B5-3F10D0CC8451}.Debug|Any CPU.Build.0 = Debug|Any CPU
		{E429158F-E806-4FF7-B8B5-3F10D0CC8451}.Release|Any CPU.ActiveCfg = Release|Any CPU
		{E429158F-E806-4FF7-B8B5-3F10D0CC8451}.Release|Any CPU.Build.0 = Release|Any CPU
		{86CDE67D-FB7A-4351-A0E0-4A5AC9558490}.Debug|Any CPU.ActiveCfg = Debug|Any CPU
		{86CDE67D-FB7A-4351-A0E0-4A5AC9558490}.Debug|Any CPU.Build.0 = Debug|Any CPU
		{86CDE67D-FB7A-4351-A0E0-4A5AC9558490}.Release|Any CPU.ActiveCfg = Release|Any CPU
		{86CDE67D-FB7A-4351-A0E0-4A5AC9558490}.Release|Any CPU.Build.0 = Release|Any CPU
		{32E6B1C4-6377-4F39-A2D6-8F3909156F51}.Debug|Any CPU.ActiveCfg = Debug|Any CPU
		{32E6B1C4-6377-4F39-A2D6-8F3909156F51}.Debug|Any CPU.Build.0 = Debug|Any CPU
		{32E6B1C4-6377-4F39-A2D6-8F3909156F51}.Release|Any CPU.ActiveCfg = Release|Any CPU
		{32E6B1C4-6377-4F39-A2D6-8F3909156F51}.Release|Any CPU.Build.0 = Release|Any CPU
		{3AFFB5A7-5717-45C6-9CBB-F324387882FC}.Debug|Any CPU.ActiveCfg = Release|Any CPU
		{3AFFB5A7-5717-45C6-9CBB-F324387882FC}.Debug|Any CPU.Build.0 = Release|Any CPU
		{3AFFB5A7-5717-45C6-9CBB-F324387882FC}.Release|Any CPU.ActiveCfg = Release|Any CPU
		{3AFFB5A7-5717-45C6-9CBB-F324387882FC}.Release|Any CPU.Build.0 = Release|Any CPU
		{CEB9A3EB-ABC5-42E7-A88B-37BDAD3CBD54}.Debug|Any CPU.ActiveCfg = Debug|Any CPU
		{CEB9A3EB-ABC5-42E7-A88B-37BDAD3CBD54}.Debug|Any CPU.Build.0 = Debug|Any CPU
		{CEB9A3EB-ABC5-42E7-A88B-37BDAD3CBD54}.Release|Any CPU.ActiveCfg = Release|Any CPU
		{CEB9A3EB-ABC5-42E7-A88B-37BDAD3CBD54}.Release|Any CPU.Build.0 = Release|Any CPU
		{43111E50-09F4-4110-B2F0-47A02CF0513C}.Debug|Any CPU.ActiveCfg = Debug|Any CPU
		{43111E50-09F4-4110-B2F0-47A02CF0513C}.Debug|Any CPU.Build.0 = Debug|Any CPU
		{43111E50-09F4-4110-B2F0-47A02CF0513C}.Release|Any CPU.ActiveCfg = Release|Any CPU
		{43111E50-09F4-4110-B2F0-47A02CF0513C}.Release|Any CPU.Build.0 = Release|Any CPU
		{0BB4CF66-1D17-4E32-8F1E-5CF13A4FF3BC}.Debug|Any CPU.ActiveCfg = Debug|Any CPU
		{0BB4CF66-1D17-4E32-8F1E-5CF13A4FF3BC}.Debug|Any CPU.Build.0 = Debug|Any CPU
		{0BB4CF66-1D17-4E32-8F1E-5CF13A4FF3BC}.Release|Any CPU.ActiveCfg = Release|Any CPU
		{0BB4CF66-1D17-4E32-8F1E-5CF13A4FF3BC}.Release|Any CPU.Build.0 = Release|Any CPU
	EndGlobalSection
	GlobalSection(SolutionProperties) = preSolution
		HideSolutionNode = FALSE
	EndGlobalSection
	GlobalSection(ExtensibilityGlobals) = postSolution
		SolutionGuid = {6860FCE6-B796-4BBF-8F6D-3053365C67D6}
	EndGlobalSection
EndGlobal
